
Microsoft Visual Studio Solution File, Format Version 12.00
# Visual Studio 15
VisualStudioVersion = 15.0.28010.2046
MinimumVisualStudioVersion = 10.0.40219.1
Project("{FAE04EC0-301F-11D3-BF4B-00C04F79EFBC}") = "Es_Strutture_Dati_1", "Es_Strutture_Dati_1\Es_Strutture_Dati_1.csproj", "{5899702F-99F0-478B-9746-36C4258D10C3}"
EndProject
Global
	GlobalSection(SolutionConfigurationPlatforms) = preSolution
		Debug|Any CPU = Debug|Any CPU
		Release|Any CPU = Release|Any CPU
	EndGlobalSection
	GlobalSection(ProjectConfigurationPlatforms) = postSolution
		{5899702F-99F0-478B-9746-36C4258D10C3}.Debug|Any CPU.ActiveCfg = Debug|Any CPU
		{5899702F-99F0-478B-9746-36C4258D10C3}.Debug|Any CPU.Build.0 = Debug|Any CPU
		{5899702F-99F0-478B-9746-36C4258D10C3}.Release|Any CPU.ActiveCfg = Release|Any CPU
		{5899702F-99F0-478B-9746-36C4258D10C3}.Release|Any CPU.Build.0 = Release|Any CPU
	EndGlobalSection
	GlobalSection(SolutionProperties) = preSolution
		HideSolutionNode = FALSE
	EndGlobalSection
	GlobalSection(ExtensibilityGlobals) = postSolution
		SolutionGuid = {D94B2720-959B-4C59-963F-40D8F77C0E19}
	EndGlobalSection
EndGlobal
